
Microsoft Visual Studio Solution File, Format Version 12.00
# Visual Studio Version 17
VisualStudioVersion = 17.14.36511.14 d17.14
MinimumVisualStudioVersion = 10.0.40219.1
Project("{FAE04EC0-301F-11D3-BF4B-00C04F79EFBC}") = "EmailApp", "EmailApp\EmailApp.csproj", "{BEC14D77-209B-426F-AAD7-24E922CE1BFB}"
EndProject
Global
	GlobalSection(SolutionConfigurationPlatforms) = preSolution
		Debug|Any CPU = Debug|Any CPU
		Release|Any CPU = Release|Any CPU
	EndGlobalSection
	GlobalSection(ProjectConfigurationPlatforms) = postSolution
		{BEC14D77-209B-426F-AAD7-24E922CE1BFB}.Debug|Any CPU.ActiveCfg = Debug|Any CPU
		{BEC14D77-209B-426F-AAD7-24E922CE1BFB}.Debug|Any CPU.Build.0 = Debug|Any CPU
		{BEC14D77-209B-426F-AAD7-24E922CE1BFB}.Release|Any CPU.ActiveCfg = Release|Any CPU
		{BEC14D77-209B-426F-AAD7-24E922CE1BFB}.Release|Any CPU.Build.0 = Release|Any CPU
	EndGlobalSection
	GlobalSection(SolutionProperties) = preSolution
		HideSolutionNode = FALSE
	EndGlobalSection
	GlobalSection(ExtensibilityGlobals) = postSolution
		SolutionGuid = {48BAA0EC-C2D8-4642-86F2-E7452D70CA44}
	EndGlobalSection
EndGlobal
